
Microsoft Visual Studio Solution File, Format Version 12.00
# Visual Studio Version 17
VisualStudioVersion = 17.7.34031.279
MinimumVisualStudioVersion = 10.0.40219.1
Project("{FAE04EC0-301F-11D3-BF4B-00C04F79EFBC}") = "Outlook2Aula", "Outlook2Aula.csproj", "{163A628B-08CD-4A79-B186-06E7992E650C}"
EndProject
Global
	GlobalSection(SolutionConfigurationPlatforms) = preSolution
		Debug|Any CPU = Debug|Any CPU
		Release|Any CPU = Release|Any CPU
	EndGlobalSection
	GlobalSection(ProjectConfigurationPlatforms) = postSolution
		{163A628B-08CD-4A79-B186-06E7992E650C}.Debug|Any CPU.ActiveCfg = Debug|Any CPU
		{163A628B-08CD-4A79-B186-06E7992E650C}.Debug|Any CPU.Build.0 = Debug|Any CPU
		{163A628B-08CD-4A79-B186-06E7992E650C}.Release|Any CPU.ActiveCfg = Release|Any CPU
		{163A628B-08CD-4A79-B186-06E7992E650C}.Release|Any CPU.Build.0 = Release|Any CPU
	EndGlobalSection
	GlobalSection(SolutionProperties) = preSolution
		HideSolutionNode = FALSE
	EndGlobalSection
	GlobalSection(ExtensibilityGlobals) = postSolution
		SolutionGuid = {3BECA9C3-E319-4EAB-B875-75E9BB405C14}
	EndGlobalSection
EndGlobal
